
Microsoft Visual Studio Solution File, Format Version 12.00
# Visual Studio Version 17
VisualStudioVersion = 17.9.34622.214
MinimumVisualStudioVersion = 10.0.40219.1
Project("{FAE04EC0-301F-11D3-BF4B-00C04F79EFBC}") = "Kraskal", "Kraskal\Kraskal.csproj", "{50238F67-7848-4DD4-9FCB-A51AD035382A}"
EndProject
Global
	GlobalSection(SolutionConfigurationPlatforms) = preSolution
		Debug|Any CPU = Debug|Any CPU
		Release|Any CPU = Release|Any CPU
	EndGlobalSection
	GlobalSection(ProjectConfigurationPlatforms) = postSolution
		{50238F67-7848-4DD4-9FCB-A51AD035382A}.Debug|Any CPU.ActiveCfg = Debug|Any CPU
		{50238F67-7848-4DD4-9FCB-A51AD035382A}.Debug|Any CPU.Build.0 = Debug|Any CPU
		{50238F67-7848-4DD4-9FCB-A51AD035382A}.Release|Any CPU.ActiveCfg = Release|Any CPU
		{50238F67-7848-4DD4-9FCB-A51AD035382A}.Release|Any CPU.Build.0 = Release|Any CPU
	EndGlobalSection
	GlobalSection(SolutionProperties) = preSolution
		HideSolutionNode = FALSE
	EndGlobalSection
	GlobalSection(ExtensibilityGlobals) = postSolution
		SolutionGuid = {3FA0FD60-D7DF-495C-A270-2DA6022DBBD3}
	EndGlobalSection
EndGlobal
