
Microsoft Visual Studio Solution File, Format Version 12.00
# Visual Studio Version 17
VisualStudioVersion = 17.7.34221.43
MinimumVisualStudioVersion = 10.0.40219.1
Project("{FAE04EC0-301F-11D3-BF4B-00C04F79EFBC}") = "Analysis_linear_sorting-2", "Analysis_linear_sorting-2.csproj", "{6110818D-DE6E-416A-9FD3-7A291A2BB3C0}"
EndProject
Global
	GlobalSection(SolutionConfigurationPlatforms) = preSolution
		Debug|Any CPU = Debug|Any CPU
		Release|Any CPU = Release|Any CPU
	EndGlobalSection
	GlobalSection(ProjectConfigurationPlatforms) = postSolution
		{6110818D-DE6E-416A-9FD3-7A291A2BB3C0}.Debug|Any CPU.ActiveCfg = Debug|Any CPU
		{6110818D-DE6E-416A-9FD3-7A291A2BB3C0}.Debug|Any CPU.Build.0 = Debug|Any CPU
		{6110818D-DE6E-416A-9FD3-7A291A2BB3C0}.Release|Any CPU.ActiveCfg = Release|Any CPU
		{6110818D-DE6E-416A-9FD3-7A291A2BB3C0}.Release|Any CPU.Build.0 = Release|Any CPU
	EndGlobalSection
	GlobalSection(SolutionProperties) = preSolution
		HideSolutionNode = FALSE
	EndGlobalSection
	GlobalSection(ExtensibilityGlobals) = postSolution
		SolutionGuid = {93E2FA14-E891-4B24-8278-0B94F909C1A0}
	EndGlobalSection
EndGlobal
