
Microsoft Visual Studio Solution File, Format Version 12.00
# Visual Studio Version 17
VisualStudioVersion = 17.9.34622.214
MinimumVisualStudioVersion = 10.0.40219.1
Project("{FAE04EC0-301F-11D3-BF4B-00C04F79EFBC}") = "graph_example", "graph_example\graph_example.csproj", "{26AACC6B-7372-4A89-93ED-BEB372FBE168}"
EndProject
Global
	GlobalSection(SolutionConfigurationPlatforms) = preSolution
		Debug|Any CPU = Debug|Any CPU
		Release|Any CPU = Release|Any CPU
	EndGlobalSection
	GlobalSection(ProjectConfigurationPlatforms) = postSolution
		{26AACC6B-7372-4A89-93ED-BEB372FBE168}.Debug|Any CPU.ActiveCfg = Debug|Any CPU
		{26AACC6B-7372-4A89-93ED-BEB372FBE168}.Debug|Any CPU.Build.0 = Debug|Any CPU
		{26AACC6B-7372-4A89-93ED-BEB372FBE168}.Release|Any CPU.ActiveCfg = Release|Any CPU
		{26AACC6B-7372-4A89-93ED-BEB372FBE168}.Release|Any CPU.Build.0 = Release|Any CPU
	EndGlobalSection
	GlobalSection(SolutionProperties) = preSolution
		HideSolutionNode = FALSE
	EndGlobalSection
	GlobalSection(ExtensibilityGlobals) = postSolution
		SolutionGuid = {8FC53048-529B-4FF5-BBBB-EED864FC0A08}
	EndGlobalSection
EndGlobal
