
Microsoft Visual Studio Solution File, Format Version 12.00
# Visual Studio Version 17
VisualStudioVersion = 17.7.34031.279
MinimumVisualStudioVersion = 10.0.40219.1
Project("{FAE04EC0-301F-11D3-BF4B-00C04F79EFBC}") = "Task_linkedList", "Task_linkedList\Task_linkedList.csproj", "{68238916-F3A1-4D77-A273-13A095053C40}"
EndProject
Global
	GlobalSection(SolutionConfigurationPlatforms) = preSolution
		Debug|Any CPU = Debug|Any CPU
		Release|Any CPU = Release|Any CPU
	EndGlobalSection
	GlobalSection(ProjectConfigurationPlatforms) = postSolution
		{68238916-F3A1-4D77-A273-13A095053C40}.Debug|Any CPU.ActiveCfg = Debug|Any CPU
		{68238916-F3A1-4D77-A273-13A095053C40}.Debug|Any CPU.Build.0 = Debug|Any CPU
		{68238916-F3A1-4D77-A273-13A095053C40}.Release|Any CPU.ActiveCfg = Release|Any CPU
		{68238916-F3A1-4D77-A273-13A095053C40}.Release|Any CPU.Build.0 = Release|Any CPU
	EndGlobalSection
	GlobalSection(SolutionProperties) = preSolution
		HideSolutionNode = FALSE
	EndGlobalSection
	GlobalSection(ExtensibilityGlobals) = postSolution
		SolutionGuid = {F5444469-7239-4B59-9A28-407474F1520C}
	EndGlobalSection
EndGlobal
